
Microsoft Visual Studio Solution File, Format Version 12.00
# Visual Studio 15
VisualStudioVersion = 15.0.27130.2026
MinimumVisualStudioVersion = 10.0.40219.1
Project("{8BC9CEB8-8B4A-11D0-8D11-00A0C91BC942}") = "fullscreen", "fullscreen\fullscreen.vcxproj", "{BDBB6066-B3D3-4EE2-B13A-9377B5C536BA}"
EndProject
Project("{8BC9CEB8-8B4A-11D0-8D11-00A0C91BC942}") = "likeOF", "likeOF\likeOF.vcxproj", "{69E0D2C4-C4D1-4507-A40E-F3DC05F5F2F3}"
EndProject
Project("{8BC9CEB8-8B4A-11D0-8D11-00A0C91BC942}") = "water effect", "water effect\water effect.vcxproj", "{FE1F2786-773A-4B3F-91F7-05FF3A2B936E}"
EndProject
Project("{8BC9CEB8-8B4A-11D0-8D11-00A0C91BC942}") = "FlyCirRot", "FlyCirRot\FlyCirRot.vcxproj", "{D9B8B9D6-6D58-4D0B-93D8-EFE01D4ABFBA}"
EndProject
Project("{8BC9CEB8-8B4A-11D0-8D11-00A0C91BC942}") = "UVPos", "UVPos\UVPos.vcxproj", "{7CA2B903-4B80-4B02-B9ED-0D51FC1141C1}"
EndProject
Project("{8BC9CEB8-8B4A-11D0-8D11-00A0C91BC942}") = "PerPixelLighting", "PerPixelLighting\PerPixelLighting.vcxproj", "{AA076BE6-B001-4AAB-90B6-B58D9BBD6674}"
EndProject
Global
	GlobalSection(SolutionConfigurationPlatforms) = preSolution
		Debug|x64 = Debug|x64
		Debug|x86 = Debug|x86
		Release - Fast FPU|x64 = Release - Fast FPU|x64
		Release - Fast FPU|x86 = Release - Fast FPU|x86
		Release|x64 = Release|x64
		Release|x86 = Release|x86
		SDL-Debug|x64 = SDL-Debug|x64
		SDL-Debug|x86 = SDL-Debug|x86
		Static lib - Debug|x64 = Static lib - Debug|x64
		Static lib - Debug|x86 = Static lib - Debug|x86
		Static lib - Release - Fast FPU|x64 = Static lib - Release - Fast FPU|x64
		Static lib - Release - Fast FPU|x86 = Static lib - Release - Fast FPU|x86
		Static lib - Release|x64 = Static lib - Release|x64
		Static lib - Release|x86 = Static lib - Release|x86
	EndGlobalSection
	GlobalSection(ProjectConfigurationPlatforms) = postSolution
		{BDBB6066-B3D3-4EE2-B13A-9377B5C536BA}.Debug|x64.ActiveCfg = Debug|x64
		{BDBB6066-B3D3-4EE2-B13A-9377B5C536BA}.Debug|x64.Build.0 = Debug|x64
		{BDBB6066-B3D3-4EE2-B13A-9377B5C536BA}.Debug|x86.ActiveCfg = Debug|Win32
		{BDBB6066-B3D3-4EE2-B13A-9377B5C536BA}.Debug|x86.Build.0 = Debug|Win32
		{BDBB6066-B3D3-4EE2-B13A-9377B5C536BA}.Release - Fast FPU|x64.ActiveCfg = Release|x64
		{BDBB6066-B3D3-4EE2-B13A-9377B5C536BA}.Release - Fast FPU|x64.Build.0 = Release|x64
		{BDBB6066-B3D3-4EE2-B13A-9377B5C536BA}.Release - Fast FPU|x64.Deploy.0 = Release|x64
		{BDBB6066-B3D3-4EE2-B13A-9377B5C536BA}.Release - Fast FPU|x86.ActiveCfg = Release|Win32
		{BDBB6066-B3D3-4EE2-B13A-9377B5C536BA}.Release - Fast FPU|x86.Build.0 = Release|Win32
		{BDBB6066-B3D3-4EE2-B13A-9377B5C536BA}.Release - Fast FPU|x86.Deploy.0 = Release|Win32
		{BDBB6066-B3D3-4EE2-B13A-9377B5C536BA}.Release|x64.ActiveCfg = Release|x64
		{BDBB6066-B3D3-4EE2-B13A-9377B5C536BA}.Release|x64.Build.0 = Release|x64
		{BDBB6066-B3D3-4EE2-B13A-9377B5C536BA}.Release|x86.ActiveCfg = Release|Win32
		{BDBB6066-B3D3-4EE2-B13A-9377B5C536BA}.Release|x86.Build.0 = Release|Win32
		{BDBB6066-B3D3-4EE2-B13A-9377B5C536BA}.SDL-Debug|x64.ActiveCfg = Debug|x64
		{BDBB6066-B3D3-4EE2-B13A-9377B5C536BA}.SDL-Debug|x64.Build.0 = Debug|x64
		{BDBB6066-B3D3-4EE2-B13A-9377B5C536BA}.SDL-Debug|x64.Deploy.0 = Debug|x64
		{BDBB6066-B3D3-4EE2-B13A-9377B5C536BA}.SDL-Debug|x86.ActiveCfg = Debug|Win32
		{BDBB6066-B3D3-4EE2-B13A-9377B5C536BA}.SDL-Debug|x86.Build.0 = Debug|Win32
		{BDBB6066-B3D3-4EE2-B13A-9377B5C536BA}.SDL-Debug|x86.Deploy.0 = Debug|Win32
		{BDBB6066-B3D3-4EE2-B13A-9377B5C536BA}.Static lib - Debug|x64.ActiveCfg = Debug|x64
		{BDBB6066-B3D3-4EE2-B13A-9377B5C536BA}.Static lib - Debug|x64.Build.0 = Debug|x64
		{BDBB6066-B3D3-4EE2-B13A-9377B5C536BA}.Static lib - Debug|x64.Deploy.0 = Debug|x64
		{BDBB6066-B3D3-4EE2-B13A-9377B5C536BA}.Static lib - Debug|x86.ActiveCfg = Debug|Win32
		{BDBB6066-B3D3-4EE2-B13A-9377B5C536BA}.Static lib - Debug|x86.Build.0 = Debug|Win32
		{BDBB6066-B3D3-4EE2-B13A-9377B5C536BA}.Static lib - Debug|x86.Deploy.0 = Debug|Win32
		{BDBB6066-B3D3-4EE2-B13A-9377B5C536BA}.Static lib - Release - Fast FPU|x64.ActiveCfg = Release|x64
		{BDBB6066-B3D3-4EE2-B13A-9377B5C536BA}.Static lib - Release - Fast FPU|x64.Build.0 = Release|x64
		{BDBB6066-B3D3-4EE2-B13A-9377B5C536BA}.Static lib - Release - Fast FPU|x64.Deploy.0 = Release|x64
		{BDBB6066-B3D3-4EE2-B13A-9377B5C536BA}.Static lib - Release - Fast FPU|x86.ActiveCfg = Release|Win32
		{BDBB6066-B3D3-4EE2-B13A-9377B5C536BA}.Static lib - Release - Fast FPU|x86.Build.0 = Release|Win32
		{BDBB6066-B3D3-4EE2-B13A-9377B5C536BA}.Static lib - Release - Fast FPU|x86.Deploy.0 = Release|Win32
		{BDBB6066-B3D3-4EE2-B13A-9377B5C536BA}.Static lib - Release|x64.ActiveCfg = Release|x64
		{BDBB6066-B3D3-4EE2-B13A-9377B5C536BA}.Static lib - Release|x64.Build.0 = Release|x64
		{BDBB6066-B3D3-4EE2-B13A-9377B5C536BA}.Static lib - Release|x64.Deploy.0 = Release|x64
		{BDBB6066-B3D3-4EE2-B13A-9377B5C536BA}.Static lib - Release|x86.ActiveCfg = Release|Win32
		{BDBB6066-B3D3-4EE2-B13A-9377B5C536BA}.Static lib - Release|x86.Build.0 = Release|Win32
		{BDBB6066-B3D3-4EE2-B13A-9377B5C536BA}.Static lib - Release|x86.Deploy.0 = Release|Win32
		{69E0D2C4-C4D1-4507-A40E-F3DC05F5F2F3}.Debug|x64.ActiveCfg = Debug|x64
		{69E0D2C4-C4D1-4507-A40E-F3DC05F5F2F3}.Debug|x64.Build.0 = Debug|x64
		{69E0D2C4-C4D1-4507-A40E-F3DC05F5F2F3}.Debug|x86.ActiveCfg = Debug|Win32
		{69E0D2C4-C4D1-4507-A40E-F3DC05F5F2F3}.Debug|x86.Build.0 = Debug|Win32
		{69E0D2C4-C4D1-4507-A40E-F3DC05F5F2F3}.Release - Fast FPU|x64.ActiveCfg = Release|x64
		{69E0D2C4-C4D1-4507-A40E-F3DC05F5F2F3}.Release - Fast FPU|x64.Build.0 = Release|x64
		{69E0D2C4-C4D1-4507-A40E-F3DC05F5F2F3}.Release - Fast FPU|x86.ActiveCfg = Release|Win32
		{69E0D2C4-C4D1-4507-A40E-F3DC05F5F2F3}.Release - Fast FPU|x86.Build.0 = Release|Win32
		{69E0D2C4-C4D1-4507-A40E-F3DC05F5F2F3}.Release|x64.ActiveCfg = Release|x64
		{69E0D2C4-C4D1-4507-A40E-F3DC05F5F2F3}.Release|x64.Build.0 = Release|x64
		{69E0D2C4-C4D1-4507-A40E-F3DC05F5F2F3}.Release|x86.ActiveCfg = Release|Win32
		{69E0D2C4-C4D1-4507-A40E-F3DC05F5F2F3}.Release|x86.Build.0 = Release|Win32
		{69E0D2C4-C4D1-4507-A40E-F3DC05F5F2F3}.SDL-Debug|x64.ActiveCfg = Debug|x64
		{69E0D2C4-C4D1-4507-A40E-F3DC05F5F2F3}.SDL-Debug|x64.Build.0 = Debug|x64
		{69E0D2C4-C4D1-4507-A40E-F3DC05F5F2F3}.SDL-Debug|x86.ActiveCfg = Debug|Win32
		{69E0D2C4-C4D1-4507-A40E-F3DC05F5F2F3}.SDL-Debug|x86.Build.0 = Debug|Win32
		{69E0D2C4-C4D1-4507-A40E-F3DC05F5F2F3}.Static lib - Debug|x64.ActiveCfg = Debug|x64
		{69E0D2C4-C4D1-4507-A40E-F3DC05F5F2F3}.Static lib - Debug|x64.Build.0 = Debug|x64
		{69E0D2C4-C4D1-4507-A40E-F3DC05F5F2F3}.Static lib - Debug|x86.ActiveCfg = Debug|Win32
		{69E0D2C4-C4D1-4507-A40E-F3DC05F5F2F3}.Static lib - Debug|x86.Build.0 = Debug|Win32
		{69E0D2C4-C4D1-4507-A40E-F3DC05F5F2F3}.Static lib - Release - Fast FPU|x64.ActiveCfg = Release|x64
		{69E0D2C4-C4D1-4507-A40E-F3DC05F5F2F3}.Static lib - Release - Fast FPU|x64.Build.0 = Release|x64
		{69E0D2C4-C4D1-4507-A40E-F3DC05F5F2F3}.Static lib - Release - Fast FPU|x86.ActiveCfg = Release|Win32
		{69E0D2C4-C4D1-4507-A40E-F3DC05F5F2F3}.Static lib - Release - Fast FPU|x86.Build.0 = Release|Win32
		{69E0D2C4-C4D1-4507-A40E-F3DC05F5F2F3}.Static lib - Release|x64.ActiveCfg = Release|x64
		{69E0D2C4-C4D1-4507-A40E-F3DC05F5F2F3}.Static lib - Release|x64.Build.0 = Release|x64
		{69E0D2C4-C4D1-4507-A40E-F3DC05F5F2F3}.Static lib - Release|x86.ActiveCfg = Release|Win32
		{69E0D2C4-C4D1-4507-A40E-F3DC05F5F2F3}.Static lib - Release|x86.Build.0 = Release|Win32
		{FE1F2786-773A-4B3F-91F7-05FF3A2B936E}.Debug|x64.ActiveCfg = Debug|x64
		{FE1F2786-773A-4B3F-91F7-05FF3A2B936E}.Debug|x64.Build.0 = Debug|x64
		{FE1F2786-773A-4B3F-91F7-05FF3A2B936E}.Debug|x86.ActiveCfg = Debug|Win32
		{FE1F2786-773A-4B3F-91F7-05FF3A2B936E}.Debug|x86.Build.0 = Debug|Win32
		{FE1F2786-773A-4B3F-91F7-05FF3A2B936E}.Release - Fast FPU|x64.ActiveCfg = Release|x64
		{FE1F2786-773A-4B3F-91F7-05FF3A2B936E}.Release - Fast FPU|x64.Build.0 = Release|x64
		{FE1F2786-773A-4B3F-91F7-05FF3A2B936E}.Release - Fast FPU|x86.ActiveCfg = Release|Win32
		{FE1F2786-773A-4B3F-91F7-05FF3A2B936E}.Release - Fast FPU|x86.Build.0 = Release|Win32
		{FE1F2786-773A-4B3F-91F7-05FF3A2B936E}.Release|x64.ActiveCfg = Release|x64
		{FE1F2786-773A-4B3F-91F7-05FF3A2B936E}.Release|x64.Build.0 = Release|x64
		{FE1F2786-773A-4B3F-91F7-05FF3A2B936E}.Release|x86.ActiveCfg = Release|Win32
		{FE1F2786-773A-4B3F-91F7-05FF3A2B936E}.Release|x86.Build.0 = Release|Win32
		{FE1F2786-773A-4B3F-91F7-05FF3A2B936E}.SDL-Debug|x64.ActiveCfg = Debug|x64
		{FE1F2786-773A-4B3F-91F7-05FF3A2B936E}.SDL-Debug|x64.Build.0 = Debug|x64
		{FE1F2786-773A-4B3F-91F7-05FF3A2B936E}.SDL-Debug|x86.ActiveCfg = Debug|Win32
		{FE1F2786-773A-4B3F-91F7-05FF3A2B936E}.SDL-Debug|x86.Build.0 = Debug|Win32
		{FE1F2786-773A-4B3F-91F7-05FF3A2B936E}.Static lib - Debug|x64.ActiveCfg = Debug|x64
		{FE1F2786-773A-4B3F-91F7-05FF3A2B936E}.Static lib - Debug|x64.Build.0 = Debug|x64
		{FE1F2786-773A-4B3F-91F7-05FF3A2B936E}.Static lib - Debug|x86.ActiveCfg = Debug|Win32
		{FE1F2786-773A-4B3F-91F7-05FF3A2B936E}.Static lib - Debug|x86.Build.0 = Debug|Win32
		{FE1F2786-773A-4B3F-91F7-05FF3A2B936E}.Static lib - Release - Fast FPU|x64.ActiveCfg = Release|x64
		{FE1F2786-773A-4B3F-91F7-05FF3A2B936E}.Static lib - Release - Fast FPU|x64.Build.0 = Release|x64
		{FE1F2786-773A-4B3F-91F7-05FF3A2B936E}.Static lib - Release - Fast FPU|x86.ActiveCfg = Release|Win32
		{FE1F2786-773A-4B3F-91F7-05FF3A2B936E}.Static lib - Release - Fast FPU|x86.Build.0 = Release|Win32
		{FE1F2786-773A-4B3F-91F7-05FF3A2B936E}.Static lib - Release|x64.ActiveCfg = Release|x64
		{FE1F2786-773A-4B3F-91F7-05FF3A2B936E}.Static lib - Release|x64.Build.0 = Release|x64
		{FE1F2786-773A-4B3F-91F7-05FF3A2B936E}.Static lib - Release|x86.ActiveCfg = Release|Win32
		{FE1F2786-773A-4B3F-91F7-05FF3A2B936E}.Static lib - Release|x86.Build.0 = Release|Win32
		{D9B8B9D6-6D58-4D0B-93D8-EFE01D4ABFBA}.Debug|x64.ActiveCfg = Debug|x64
		{D9B8B9D6-6D58-4D0B-93D8-EFE01D4ABFBA}.Debug|x64.Build.0 = Debug|x64
		{D9B8B9D6-6D58-4D0B-93D8-EFE01D4ABFBA}.Debug|x86.ActiveCfg = Debug|Win32
		{D9B8B9D6-6D58-4D0B-93D8-EFE01D4ABFBA}.Debug|x86.Build.0 = Debug|Win32
		{D9B8B9D6-6D58-4D0B-93D8-EFE01D4ABFBA}.Release - Fast FPU|x64.ActiveCfg = Release|x64
		{D9B8B9D6-6D58-4D0B-93D8-EFE01D4ABFBA}.Release - Fast FPU|x64.Build.0 = Release|x64
		{D9B8B9D6-6D58-4D0B-93D8-EFE01D4ABFBA}.Release - Fast FPU|x86.ActiveCfg = Release|Win32
		{D9B8B9D6-6D58-4D0B-93D8-EFE01D4ABFBA}.Release - Fast FPU|x86.Build.0 = Release|Win32
		{D9B8B9D6-6D58-4D0B-93D8-EFE01D4ABFBA}.Release|x64.ActiveCfg = Release|x64
		{D9B8B9D6-6D58-4D0B-93D8-EFE01D4ABFBA}.Release|x64.Build.0 = Release|x64
		{D9B8B9D6-6D58-4D0B-93D8-EFE01D4ABFBA}.Release|x86.ActiveCfg = Release|Win32
		{D9B8B9D6-6D58-4D0B-93D8-EFE01D4ABFBA}.Release|x86.Build.0 = Release|Win32
		{D9B8B9D6-6D58-4D0B-93D8-EFE01D4ABFBA}.SDL-Debug|x64.ActiveCfg = Debug|x64
		{D9B8B9D6-6D58-4D0B-93D8-EFE01D4ABFBA}.SDL-Debug|x64.Build.0 = Debug|x64
		{D9B8B9D6-6D58-4D0B-93D8-EFE01D4ABFBA}.SDL-Debug|x86.ActiveCfg = Debug|Win32
		{D9B8B9D6-6D58-4D0B-93D8-EFE01D4ABFBA}.SDL-Debug|x86.Build.0 = Debug|Win32
		{D9B8B9D6-6D58-4D0B-93D8-EFE01D4ABFBA}.Static lib - Debug|x64.ActiveCfg = Debug|x64
		{D9B8B9D6-6D58-4D0B-93D8-EFE01D4ABFBA}.Static lib - Debug|x64.Build.0 = Debug|x64
		{D9B8B9D6-6D58-4D0B-93D8-EFE01D4ABFBA}.Static lib - Debug|x86.ActiveCfg = Debug|Win32
		{D9B8B9D6-6D58-4D0B-93D8-EFE01D4ABFBA}.Static lib - Debug|x86.Build.0 = Debug|Win32
		{D9B8B9D6-6D58-4D0B-93D8-EFE01D4ABFBA}.Static lib - Release - Fast FPU|x64.ActiveCfg = Release|x64
		{D9B8B9D6-6D58-4D0B-93D8-EFE01D4ABFBA}.Static lib - Release - Fast FPU|x64.Build.0 = Release|x64
		{D9B8B9D6-6D58-4D0B-93D8-EFE01D4ABFBA}.Static lib - Release - Fast FPU|x86.ActiveCfg = Release|Win32
		{D9B8B9D6-6D58-4D0B-93D8-EFE01D4ABFBA}.Static lib - Release - Fast FPU|x86.Build.0 = Release|Win32
		{D9B8B9D6-6D58-4D0B-93D8-EFE01D4ABFBA}.Static lib - Release|x64.ActiveCfg = Release|x64
		{D9B8B9D6-6D58-4D0B-93D8-EFE01D4ABFBA}.Static lib - Release|x64.Build.0 = Release|x64
		{D9B8B9D6-6D58-4D0B-93D8-EFE01D4ABFBA}.Static lib - Release|x86.ActiveCfg = Release|Win32
		{D9B8B9D6-6D58-4D0B-93D8-EFE01D4ABFBA}.Static lib - Release|x86.Build.0 = Release|Win32
		{7CA2B903-4B80-4B02-B9ED-0D51FC1141C1}.Debug|x64.ActiveCfg = Debug|x64
		{7CA2B903-4B80-4B02-B9ED-0D51FC1141C1}.Debug|x64.Build.0 = Debug|x64
		{7CA2B903-4B80-4B02-B9ED-0D51FC1141C1}.Debug|x86.ActiveCfg = Debug|Win32
		{7CA2B903-4B80-4B02-B9ED-0D51FC1141C1}.Debug|x86.Build.0 = Debug|Win32
		{7CA2B903-4B80-4B02-B9ED-0D51FC1141C1}.Release - Fast FPU|x64.ActiveCfg = Release|x64
		{7CA2B903-4B80-4B02-B9ED-0D51FC1141C1}.Release - Fast FPU|x64.Build.0 = Release|x64
		{7CA2B903-4B80-4B02-B9ED-0D51FC1141C1}.Release - Fast FPU|x86.ActiveCfg = Release|Win32
		{7CA2B903-4B80-4B02-B9ED-0D51FC1141C1}.Release - Fast FPU|x86.Build.0 = Release|Win32
		{7CA2B903-4B80-4B02-B9ED-0D51FC1141C1}.Release|x64.ActiveCfg = Release|x64
		{7CA2B903-4B80-4B02-B9ED-0D51FC1141C1}.Release|x64.Build.0 = Release|x64
		{7CA2B903-4B80-4B02-B9ED-0D51FC1141C1}.Release|x86.ActiveCfg = Release|Win32
		{7CA2B903-4B80-4B02-B9ED-0D51FC1141C1}.Release|x86.Build.0 = Release|Win32
		{7CA2B903-4B80-4B02-B9ED-0D51FC1141C1}.SDL-Debug|x64.ActiveCfg = Debug|x64
		{7CA2B903-4B80-4B02-B9ED-0D51FC1141C1}.SDL-Debug|x64.Build.0 = Debug|x64
		{7CA2B903-4B80-4B02-B9ED-0D51FC1141C1}.SDL-Debug|x86.ActiveCfg = Debug|Win32
		{7CA2B903-4B80-4B02-B9ED-0D51FC1141C1}.SDL-Debug|x86.Build.0 = Debug|Win32
		{7CA2B903-4B80-4B02-B9ED-0D51FC1141C1}.Static lib - Debug|x64.ActiveCfg = Debug|x64
		{7CA2B903-4B80-4B02-B9ED-0D51FC1141C1}.Static lib - Debug|x64.Build.0 = Debug|x64
		{7CA2B903-4B80-4B02-B9ED-0D51FC1141C1}.Static lib - Debug|x86.ActiveCfg = Debug|Win32
		{7CA2B903-4B80-4B02-B9ED-0D51FC1141C1}.Static lib - Debug|x86.Build.0 = Debug|Win32
		{7CA2B903-4B80-4B02-B9ED-0D51FC1141C1}.Static lib - Release - Fast FPU|x64.ActiveCfg = Release|x64
		{7CA2B903-4B80-4B02-B9ED-0D51FC1141C1}.Static lib - Release - Fast FPU|x64.Build.0 = Release|x64
		{7CA2B903-4B80-4B02-B9ED-0D51FC1141C1}.Static lib - Release - Fast FPU|x86.ActiveCfg = Release|Win32
		{7CA2B903-4B80-4B02-B9ED-0D51FC1141C1}.Static lib - Release - Fast FPU|x86.Build.0 = Release|Win32
		{7CA2B903-4B80-4B02-B9ED-0D51FC1141C1}.Static lib - Release|x64.ActiveCfg = Release|x64
		{7CA2B903-4B80-4B02-B9ED-0D51FC1141C1}.Static lib - Release|x64.Build.0 = Release|x64
		{7CA2B903-4B80-4B02-B9ED-0D51FC1141C1}.Static lib - Release|x86.ActiveCfg = Release|Win32
		{7CA2B903-4B80-4B02-B9ED-0D51FC1141C1}.Static lib - Release|x86.Build.0 = Release|Win32
		{AA076BE6-B001-4AAB-90B6-B58D9BBD6674}.Debug|x64.ActiveCfg = Debug|x64
		{AA076BE6-B001-4AAB-90B6-B58D9BBD6674}.Debug|x64.Build.0 = Debug|x64
		{AA076BE6-B001-4AAB-90B6-B58D9BBD6674}.Debug|x86.ActiveCfg = Debug|Win32
		{AA076BE6-B001-4AAB-90B6-B58D9BBD6674}.Debug|x86.Build.0 = Debug|Win32
		{AA076BE6-B001-4AAB-90B6-B58D9BBD6674}.Release - Fast FPU|x64.ActiveCfg = Release|x64
		{AA076BE6-B001-4AAB-90B6-B58D9BBD6674}.Release - Fast FPU|x64.Build.0 = Release|x64
		{AA076BE6-B001-4AAB-90B6-B58D9BBD6674}.Release - Fast FPU|x86.ActiveCfg = Release|Win32
		{AA076BE6-B001-4AAB-90B6-B58D9BBD6674}.Release - Fast FPU|x86.Build.0 = Release|Win32
		{AA076BE6-B001-4AAB-90B6-B58D9BBD6674}.Release|x64.ActiveCfg = Release|x64
		{AA076BE6-B001-4AAB-90B6-B58D9BBD6674}.Release|x64.Build.0 = Release|x64
		{AA076BE6-B001-4AAB-90B6-B58D9BBD6674}.Release|x86.ActiveCfg = Release|Win32
		{AA076BE6-B001-4AAB-90B6-B58D9BBD6674}.Release|x86.Build.0 = Release|Win32
		{AA076BE6-B001-4AAB-90B6-B58D9BBD6674}.SDL-Debug|x64.ActiveCfg = Debug|x64
		{AA076BE6-B001-4AAB-90B6-B58D9BBD6674}.SDL-Debug|x64.Build.0 = Debug|x64
		{AA076BE6-B001-4AAB-90B6-B58D9BBD6674}.SDL-Debug|x86.ActiveCfg = Debug|Win32
		{AA076BE6-B001-4AAB-90B6-B58D9BBD6674}.SDL-Debug|x86.Build.0 = Debug|Win32
		{AA076BE6-B001-4AAB-90B6-B58D9BBD6674}.Static lib - Debug|x64.ActiveCfg = Debug|x64
		{AA076BE6-B001-4AAB-90B6-B58D9BBD6674}.Static lib - Debug|x64.Build.0 = Debug|x64
		{AA076BE6-B001-4AAB-90B6-B58D9BBD6674}.Static lib - Debug|x86.ActiveCfg = Debug|Win32
		{AA076BE6-B001-4AAB-90B6-B58D9BBD6674}.Static lib - Debug|x86.Build.0 = Debug|Win32
		{AA076BE6-B001-4AAB-90B6-B58D9BBD6674}.Static lib - Release - Fast FPU|x64.ActiveCfg = Release|x64
		{AA076BE6-B001-4AAB-90B6-B58D9BBD6674}.Static lib - Release - Fast FPU|x64.Build.0 = Release|x64
		{AA076BE6-B001-4AAB-90B6-B58D9BBD6674}.Static lib - Release - Fast FPU|x86.ActiveCfg = Release|Win32
		{AA076BE6-B001-4AAB-90B6-B58D9BBD6674}.Static lib - Release - Fast FPU|x86.Build.0 = Release|Win32
		{AA076BE6-B001-4AAB-90B6-B58D9BBD6674}.Static lib - Release|x64.ActiveCfg = Release|x64
		{AA076BE6-B001-4AAB-90B6-B58D9BBD6674}.Static lib - Release|x64.Build.0 = Release|x64
		{AA076BE6-B001-4AAB-90B6-B58D9BBD6674}.Static lib - Release|x86.ActiveCfg = Release|Win32
		{AA076BE6-B001-4AAB-90B6-B58D9BBD6674}.Static lib - Release|x86.Build.0 = Release|Win32
	EndGlobalSection
	GlobalSection(SolutionProperties) = preSolution
		HideSolutionNode = FALSE
	EndGlobalSection
	GlobalSection(ExtensibilityGlobals) = postSolution
		SolutionGuid = {6CCC046F-C867-4FE5-A02A-5262F69633E7}
	EndGlobalSection
EndGlobal
